
Microsoft Visual Studio Solution File, Format Version 12.00
# Visual Studio Version 17
VisualStudioVersion = 17.3.32901.215
MinimumVisualStudioVersion = 10.0.40219.1
Project("{FAE04EC0-301F-11D3-BF4B-00C04F79EFBC}") = "BasketAPI", "BasketAPI\BasketAPI.csproj", "{667BFDDE-00FB-4404-AD71-D28ABBD7D1B1}"
EndProject
Global
	GlobalSection(SolutionConfigurationPlatforms) = preSolution
		Debug|Any CPU = Debug|Any CPU
		Release|Any CPU = Release|Any CPU
	EndGlobalSection
	GlobalSection(ProjectConfigurationPlatforms) = postSolution
		{667BFDDE-00FB-4404-AD71-D28ABBD7D1B1}.Debug|Any CPU.ActiveCfg = Debug|Any CPU
		{667BFDDE-00FB-4404-AD71-D28ABBD7D1B1}.Debug|Any CPU.Build.0 = Debug|Any CPU
		{667BFDDE-00FB-4404-AD71-D28ABBD7D1B1}.Release|Any CPU.ActiveCfg = Release|Any CPU
		{667BFDDE-00FB-4404-AD71-D28ABBD7D1B1}.Release|Any CPU.Build.0 = Release|Any CPU
	EndGlobalSection
	GlobalSection(SolutionProperties) = preSolution
		HideSolutionNode = FALSE
	EndGlobalSection
	GlobalSection(ExtensibilityGlobals) = postSolution
		SolutionGuid = {A011BD23-4354-4C37-A20F-3A43F08DEC9D}
	EndGlobalSection
EndGlobal
